<?xml version="1.0" encoding="utf-8"?>
<Project ToolsVersion="4.0" xmlns="http://schemas.microsoft.com/developer/msbuild/2003">
  <ItemGroup>
    <Filter Include="Source Files">
      <UniqueIdentifier>{4FC737F1-C7A5-4376-A066-2A32D752A2FF}</UniqueIdentifier>
      <Extensions>cpp;c;cc;cxx;def;odl;idl;hpj;bat;asm;asmx</Extensions>
    </Filter>
    <Filter Include="Header Files">
      <UniqueIdentifier>{93995380-89BD-4b04-88EB-625FBE52EBFB}</UniqueIdentifier>
      <Extensions>
      </Extensions>
    </Filter>
    <Filter Include="Resource Files">
      <UniqueIdentifier>{67DA6AB6-F800-4c08-8B7A-83BB121AAD01}</UniqueIdentifier>
      <Extensions>rc;ico;cur;bmp;dlg;rc2;rct;bin;rgs;gif;jpg;jpeg;jpe;resx;tiff;tif;png;wav;mfcribbon-ms</Extensions>
    </Filter>
    <Filter Include="Header Files\GaugeColors">
      <UniqueIdentifier>{e7caa53d-3fd6-49da-8ab1-6c0a346f1ee4}</UniqueIdentifier>
    </Filter>
    <Filter Include="Source Files\GaugeColors">
      <UniqueIdentifier>{5211f5ad-9d93-4aca-b056-f8388a0d97f9}</UniqueIdentifier>
    </Filter>
  </ItemGroup>
  <ItemGroup>
    <None Include="CarLighting.ino" />
  </ItemGroup>
  <ItemGroup>
    <ClInclude Include="ColorInterpolater.h">
      <Filter>Header Files</Filter>
    </ClInclude>
    <ClInclude Include="LEDColor.h">
      <Filter>Header Files</Filter>
    </ClInclude>
    <ClInclude Include="__vm\.CarLighting.vsarduino.h" />
    <ClInclude Include="__vm\.ResponsiveCarGauges.vsarduino.h" />
    <ClInclude Include="SolidColor.h">
      <Filter>Header Files\GaugeColors</Filter>
    </ClInclude>
    <ClInclude Include="GaugeColor.h">
      <Filter>Header Files</Filter>
    </ClInclude>
    <ClInclude Include="EngineColor.h">
      <Filter>Header Files\GaugeColors</Filter>
    </ClInclude>
    <ClInclude Include="AnalogButtonsDown.h">
      <Filter>Header Files</Filter>
    </ClInclude>
  </ItemGroup>
  <ItemGroup>
    <ClCompile Include="ColorInterpolater.cpp">
      <Filter>Source Files</Filter>
    </ClCompile>
    <ClCompile Include="LEDColor.cpp">
      <Filter>Source Files</Filter>
    </ClCompile>
    <ClCompile Include="GaugeColor.cpp">
      <Filter>Source Files</Filter>
    </ClCompile>
    <ClCompile Include="SolidColor.cpp">
      <Filter>Source Files\GaugeColors</Filter>
    </ClCompile>
    <ClCompile Include="EngineColor.cpp">
      <Filter>Source Files\GaugeColors</Filter>
    </ClCompile>
    <ClCompile Include="AnalogButtonsDown.cpp">
      <Filter>Source Files</Filter>
    </ClCompile>
  </ItemGroup>
</Project>